
Microsoft Visual Studio Solution File, Format Version 12.00
# Visual Studio Version 17
VisualStudioVersion = 17.2.32630.192
MinimumVisualStudioVersion = 10.0.40219.1
Project("{FAE04EC0-301F-11D3-BF4B-00C04F79EFBC}") = "IntroASP", "IntroASP\IntroASP.csproj", "{9F6C047F-2894-47F0-94C8-B27F7CA2BA5D}"
EndProject
Global
	GlobalSection(SolutionConfigurationPlatforms) = preSolution
		Debug|Any CPU = Debug|Any CPU
		Release|Any CPU = Release|Any CPU
	EndGlobalSection
	GlobalSection(ProjectConfigurationPlatforms) = postSolution
		{9F6C047F-2894-47F0-94C8-B27F7CA2BA5D}.Debug|Any CPU.ActiveCfg = Debug|Any CPU
		{9F6C047F-2894-47F0-94C8-B27F7CA2BA5D}.Debug|Any CPU.Build.0 = Debug|Any CPU
		{9F6C047F-2894-47F0-94C8-B27F7CA2BA5D}.Release|Any CPU.ActiveCfg = Release|Any CPU
		{9F6C047F-2894-47F0-94C8-B27F7CA2BA5D}.Release|Any CPU.Build.0 = Release|Any CPU
	EndGlobalSection
	GlobalSection(SolutionProperties) = preSolution
		HideSolutionNode = FALSE
	EndGlobalSection
	GlobalSection(ExtensibilityGlobals) = postSolution
		SolutionGuid = {9FEFC2AF-64B1-4E51-8960-017F72BC9242}
	EndGlobalSection
EndGlobal
